<Solution>
  <Folder Name="/.github/">
    <File Path="../.github/copilot-instructions.md" />
  </Folder>
  <Configurations>
    <BuildType Name="Release" />
  </Configurations>
  <Project Path="MiningCo. DrillTurret/MiningCo. DrillTurret.csproj" />
  <Folder Name="/XML/1.6/Defs/ResearchProjectDefs/">
    <File Path="../1.6/Defs/ResearchProjectDefs/ResearchProjects_DrillTurret.xml" />
  </Folder>
  <Folder Name="/XML/1.6/Defs/Effects/">
    <File Path="../1.6/Defs/Effects/Effecter_LaserDrill.xml" />
  </Folder>
  <Folder Name="/XML/1.6/Defs/JobDefs/">
    <File Path="../1.6/Defs/JobDefs/Jobs_Work.xml" />
  </Folder>
  <Folder Name="/XML/Languages/English/Keyed/">
    <File Path="../Languages/English/Keyed/Text.xml" />
  </Folder>
  <Folder Name="/XML/1.6/Defs/ThingDefs_Buildings/">
    <File Path="../1.6/Defs/ThingDefs_Buildings/Buildings_DrillTurret.xml" />
  </Folder>
  <Folder Name="/XML/1.6/Defs/WorkGiverDefs/">
    <File Path="../1.6/Defs/WorkGiverDefs/WorkGivers.xml" />
  </Folder>
  <Folder Name="/XML/About/">
    <File Path="../About/about.xml" />
  </Folder>
</Solution>